// !$*UTF8*$!
{
	archiveVersion = 1;
	classes = {
	};
	objectVersion = 48;
	objects = {

/* Begin PBXBuildFile section */
		120F8FDD201AB57200FE73F1 /* navigate_icon.png in Resources */ = {isa = PBXBuildFile; fileRef = 120F8FDC201AB57100FE73F1 /* navigate_icon.png */; };
		12863CA9201A383C0027FF7E /* AppDelegate.swift in Sources */ = {isa = PBXBuildFile; fileRef = 12863CA8201A383C0027FF7E /* AppDelegate.swift */; };
		12863CAB201A383C0027FF7E /* ViewController.swift in Sources */ = {isa = PBXBuildFile; fileRef = 12863CAA201A383C0027FF7E /* ViewController.swift */; };
		12863CAE201A383C0027FF7E /* Main.storyboard in Resources */ = {isa = PBXBuildFile; fileRef = 12863CAC201A383C0027FF7E /* Main.storyboard */; };
		12863CB0201A383C0027FF7E /* Assets.xcassets in Resources */ = {isa = PBXBuildFile; fileRef = 12863CAF201A383C0027FF7E /* Assets.xcassets */; };
		12863CB3201A383C0027FF7E /* LaunchScreen.storyboard in Resources */ = {isa = PBXBuildFile; fileRef = 12863CB1201A383C0027FF7E /* LaunchScreen.storyboard */; };
		12863CBB201A42A90027FF7E /* ArcGIS.bundle in Resources */ = {isa = PBXBuildFile; fileRef = 12863CBA201A42A90027FF7E /* ArcGIS.bundle */; };
		129D7856201AEE9A00E2E55F /* zoom_in.png in Resources */ = {isa = PBXBuildFile; fileRef = 129D7855201AEE9A00E2E55F /* zoom_in.png */; };
		129D7858201AEEA000E2E55F /* zoom_out.png in Resources */ = {isa = PBXBuildFile; fileRef = 129D7857201AEEA000E2E55F /* zoom_out.png */; };
		129D785A201AF20100E2E55F /* person_location.png in Resources */ = {isa = PBXBuildFile; fileRef = 129D7859201AF20100E2E55F /* person_location.png */; };
		12E3CDCF201AA3BB00360105 /* Location.gpx in Resources */ = {isa = PBXBuildFile; fileRef = 12E3CDCE201AA3BB00360105 /* Location.gpx */; };
		12E3CDD2201AA3C200360105 /* food_plate.png in Resources */ = {isa = PBXBuildFile; fileRef = 12E3CDD1201AA3C200360105 /* food_plate.png */; };
/* End PBXBuildFile section */

/* Begin PBXFileReference section */
		120F8FDC201AB57100FE73F1 /* navigate_icon.png */ = {isa = PBXFileReference; lastKnownFileType = image.png; path = navigate_icon.png; sourceTree = "<group>"; };
		12863CA5201A383C0027FF7E /* AccessibleMap.app */ = {isa = PBXFileReference; explicitFileType = wrapper.application; includeInIndex = 0; path = AccessibleMap.app; sourceTree = BUILT_PRODUCTS_DIR; };
		12863CA8201A383C0027FF7E /* AppDelegate.swift */ = {isa = PBXFileReference; lastKnownFileType = sourcecode.swift; path = AppDelegate.swift; sourceTree = "<group>"; };
		12863CAA201A383C0027FF7E /* ViewController.swift */ = {isa = PBXFileReference; lastKnownFileType = sourcecode.swift; path = ViewController.swift; sourceTree = "<group>"; };
		12863CAD201A383C0027FF7E /* Base */ = {isa = PBXFileReference; lastKnownFileType = file.storyboard; name = Base; path = Base.lproj/Main.storyboard; sourceTree = "<group>"; };
		12863CAF201A383C0027FF7E /* Assets.xcassets */ = {isa = PBXFileReference; lastKnownFileType = folder.assetcatalog; path = Assets.xcassets; sourceTree = "<group>"; };
		12863CB2201A383C0027FF7E /* Base */ = {isa = PBXFileReference; lastKnownFileType = file.storyboard; name = Base; path = Base.lproj/LaunchScreen.storyboard; sourceTree = "<group>"; };
		12863CB4201A383C0027FF7E /* Info.plist */ = {isa = PBXFileReference; lastKnownFileType = text.plist.xml; path = Info.plist; sourceTree = "<group>"; };
		12863CBA201A42A90027FF7E /* ArcGIS.bundle */ = {isa = PBXFileReference; lastKnownFileType = "wrapper.plug-in"; path = ArcGIS.bundle; sourceTree = "<group>"; };
		129D7855201AEE9A00E2E55F /* zoom_in.png */ = {isa = PBXFileReference; lastKnownFileType = image.png; path = zoom_in.png; sourceTree = "<group>"; };
		129D7857201AEEA000E2E55F /* zoom_out.png */ = {isa = PBXFileReference; lastKnownFileType = image.png; path = zoom_out.png; sourceTree = "<group>"; };
		129D7859201AF20100E2E55F /* person_location.png */ = {isa = PBXFileReference; lastKnownFileType = image.png; path = person_location.png; sourceTree = "<group>"; };
		12E3CDCE201AA3BB00360105 /* Location.gpx */ = {isa = PBXFileReference; fileEncoding = 4; lastKnownFileType = text.xml; path = Location.gpx; sourceTree = "<group>"; };
		12E3CDD1201AA3C200360105 /* food_plate.png */ = {isa = PBXFileReference; lastKnownFileType = image.png; path = food_plate.png; sourceTree = "<group>"; };
/* End PBXFileReference section */

/* Begin PBXFrameworksBuildPhase section */
		12863CA2201A383C0027FF7E /* Frameworks */ = {
			isa = PBXFrameworksBuildPhase;
			buildActionMask = 2147483647;
			files = (
			);
			runOnlyForDeploymentPostprocessing = 0;
		};
/* End PBXFrameworksBuildPhase section */

/* Begin PBXGroup section */
		12863C9C201A383C0027FF7E = {
			isa = PBXGroup;
			children = (
				12863CBA201A42A90027FF7E /* ArcGIS.bundle */,
				12863CA7201A383C0027FF7E /* AccessibleMap */,
				12863CA6201A383C0027FF7E /* Products */,
			);
			sourceTree = "<group>";
		};
		12863CA6201A383C0027FF7E /* Products */ = {
			isa = PBXGroup;
			children = (
				12863CA5201A383C0027FF7E /* AccessibleMap.app */,
			);
			name = Products;
			sourceTree = "<group>";
		};
		12863CA7201A383C0027FF7E /* AccessibleMap */ = {
			isa = PBXGroup;
			children = (
				12E3CDD0201AA3C200360105 /* Images */,
				12E3CDCE201AA3BB00360105 /* Location.gpx */,
				12863CA8201A383C0027FF7E /* AppDelegate.swift */,
				12863CAA201A383C0027FF7E /* ViewController.swift */,
				12863CAC201A383C0027FF7E /* Main.storyboard */,
				12863CAF201A383C0027FF7E /* Assets.xcassets */,
				12863CB1201A383C0027FF7E /* LaunchScreen.storyboard */,
				12863CB4201A383C0027FF7E /* Info.plist */,
			);
			path = AccessibleMap;
			sourceTree = "<group>";
		};
		12E3CDD0201AA3C200360105 /* Images */ = {
			isa = PBXGroup;
			children = (
				129D7859201AF20100E2E55F /* person_location.png */,
				129D7857201AEEA000E2E55F /* zoom_out.png */,
				129D7855201AEE9A00E2E55F /* zoom_in.png */,
				120F8FDC201AB57100FE73F1 /* navigate_icon.png */,
				12E3CDD1201AA3C200360105 /* food_plate.png */,
			);
			path = Images;
			sourceTree = "<group>";
		};
/* End PBXGroup section */

/* Begin PBXNativeTarget section */
		12863CA4201A383C0027FF7E /* AccessibleMap */ = {
			isa = PBXNativeTarget;
			buildConfigurationList = 12863CB7201A383C0027FF7E /* Build configuration list for PBXNativeTarget "AccessibleMap" */;
			buildPhases = (
				12863CA1201A383C0027FF7E /* Sources */,
				12863CA2201A383C0027FF7E /* Frameworks */,
				12863CA3201A383C0027FF7E /* Resources */,
			);
			buildRules = (
			);
			dependencies = (
			);
			name = AccessibleMap;
			productName = AccessibleMap;
			productReference = 12863CA5201A383C0027FF7E /* AccessibleMap.app */;
			productType = "com.apple.product-type.application";
		};
/* End PBXNativeTarget section */

/* Begin PBXProject section */
		12863C9D201A383C0027FF7E /* Project object */ = {
			isa = PBXProject;
			attributes = {
				LastSwiftUpdateCheck = 0920;
				LastUpgradeCheck = 0920;
				ORGANIZATIONNAME = "Garima Dhakal";
				TargetAttributes = {
					12863CA4201A383C0027FF7E = {
						CreatedOnToolsVersion = 9.2;
						ProvisioningStyle = Automatic;
					};
				};
			};
			buildConfigurationList = 12863CA0201A383C0027FF7E /* Build configuration list for PBXProject "AccessibleMap" */;
			compatibilityVersion = "Xcode 8.0";
			developmentRegion = en;
			hasScannedForEncodings = 0;
			knownRegions = (
				en,
				Base,
			);
			mainGroup = 12863C9C201A383C0027FF7E;
			productRefGroup = 12863CA6201A383C0027FF7E /* Products */;
			projectDirPath = "";
			projectRoot = "";
			targets = (
				12863CA4201A383C0027FF7E /* AccessibleMap */,
			);
		};
/* End PBXProject section */

/* Begin PBXResourcesBuildPhase section */
		12863CA3201A383C0027FF7E /* Resources */ = {
			isa = PBXResourcesBuildPhase;
			buildActionMask = 2147483647;
			files = (
				12863CB3201A383C0027FF7E /* LaunchScreen.storyboard in Resources */,
				129D7856201AEE9A00E2E55F /* zoom_in.png in Resources */,
				12863CB0201A383C0027FF7E /* Assets.xcassets in Resources */,
				12863CBB201A42A90027FF7E /* ArcGIS.bundle in Resources */,
				120F8FDD201AB57200FE73F1 /* navigate_icon.png in Resources */,
				129D785A201AF20100E2E55F /* person_location.png in Resources */,
				129D7858201AEEA000E2E55F /* zoom_out.png in Resources */,
				12E3CDD2201AA3C200360105 /* food_plate.png in Resources */,
				12E3CDCF201AA3BB00360105 /* Location.gpx in Resources */,
				12863CAE201A383C0027FF7E /* Main.storyboard in Resources */,
			);
			runOnlyForDeploymentPostprocessing = 0;
		};
/* End PBXResourcesBuildPhase section */

/* Begin PBXSourcesBuildPhase section */
		12863CA1201A383C0027FF7E /* Sources */ = {
			isa = PBXSourcesBuildPhase;
			buildActionMask = 2147483647;
			files = (
				12863CAB201A383C0027FF7E /* ViewController.swift in Sources */,
				12863CA9201A383C0027FF7E /* AppDelegate.swift in Sources */,
			);
			runOnlyForDeploymentPostprocessing = 0;
		};
/* End PBXSourcesBuildPhase section */

/* Begin PBXVariantGroup section */
		12863CAC201A383C0027FF7E /* Main.storyboard */ = {
			isa = PBXVariantGroup;
			children = (
				12863CAD201A383C0027FF7E /* Base */,
			);
			name = Main.storyboard;
			sourceTree = "<group>";
		};
		12863CB1201A383C0027FF7E /* LaunchScreen.storyboard */ = {
			isa = PBXVariantGroup;
			children = (
				12863CB2201A383C0027FF7E /* Base */,
			);
			name = LaunchScreen.storyboard;
			sourceTree = "<group>";
		};
/* End PBXVariantGroup section */

/* Begin XCBuildConfiguration section */
		12863CB5201A383C0027FF7E /* Debug */ = {
			isa = XCBuildConfiguration;
			buildSettings = {
				ALWAYS_SEARCH_USER_PATHS = NO;
				CLANG_ANALYZER_NONNULL = YES;
				CLANG_ANALYZER_NUMBER_OBJECT_CONVERSION = YES_AGGRESSIVE;
				CLANG_CXX_LANGUAGE_STANDARD = "gnu++14";
				CLANG_CXX_LIBRARY = "libc++";
				CLANG_ENABLE_MODULES = YES;
				CLANG_ENABLE_OBJC_ARC = YES;
				CLANG_WARN_BLOCK_CAPTURE_AUTORELEASING = YES;
				CLANG_WARN_BOOL_CONVERSION = YES;
				CLANG_WARN_COMMA = YES;
				CLANG_WARN_CONSTANT_CONVERSION = YES;
				CLANG_WARN_DIRECT_OBJC_ISA_USAGE = YES_ERROR;
				CLANG_WARN_DOCUMENTATION_COMMENTS = YES;
				CLANG_WARN_EMPTY_BODY = YES;
				CLANG_WARN_ENUM_CONVERSION = YES;
				CLANG_WARN_INFINITE_RECURSION = YES;
				CLANG_WARN_INT_CONVERSION = YES;
				CLANG_WARN_NON_LITERAL_NULL_CONVERSION = YES;
				CLANG_WARN_OBJC_LITERAL_CONVERSION = YES;
				CLANG_WARN_OBJC_ROOT_CLASS = YES_ERROR;
				CLANG_WARN_RANGE_LOOP_ANALYSIS = YES;
				CLANG_WARN_STRICT_PROTOTYPES = YES;
				CLANG_WARN_SUSPICIOUS_MOVE = YES;
				CLANG_WARN_UNGUARDED_AVAILABILITY = YES_AGGRESSIVE;
				CLANG_WARN_UNREACHABLE_CODE = YES;
				CLANG_WARN__DUPLICATE_METHOD_MATCH = YES;
				CODE_SIGN_IDENTITY = "iPhone Developer";
				COPY_PHASE_STRIP = NO;
				DEBUG_INFORMATION_FORMAT = dwarf;
				ENABLE_STRICT_OBJC_MSGSEND = YES;
				ENABLE_TESTABILITY = YES;
				GCC_C_LANGUAGE_STANDARD = gnu11;
				GCC_DYNAMIC_NO_PIC = NO;
				GCC_NO_COMMON_BLOCKS = YES;
				GCC_OPTIMIZATION_LEVEL = 0;
				GCC_PREPROCESSOR_DEFINITIONS = (
					"DEBUG=1",
					"$(inherited)",
				);
				GCC_WARN_64_TO_32_BIT_CONVERSION = YES;
				GCC_WARN_ABOUT_RETURN_TYPE = YES_ERROR;
				GCC_WARN_UNDECLARED_SELECTOR = YES;
				GCC_WARN_UNINITIALIZED_AUTOS = YES_AGGRESSIVE;
				GCC_WARN_UNUSED_FUNCTION = YES;
				GCC_WARN_UNUSED_VARIABLE = YES;
				IPHONEOS_DEPLOYMENT_TARGET = 11.2;
				MTL_ENABLE_DEBUG_INFO = YES;
				ONLY_ACTIVE_ARCH = YES;
				SDKROOT = iphoneos;
				SWIFT_ACTIVE_COMPILATION_CONDITIONS = DEBUG;
				SWIFT_OPTIMIZATION_LEVEL = "-Onone";
			};
			name = Debug;
		};
		12863CB6201A383C0027FF7E /* Release */ = {
			isa = XCBuildConfiguration;
			buildSettings = {
				ALWAYS_SEARCH_USER_PATHS = NO;
				CLANG_ANALYZER_NONNULL = YES;
				CLANG_ANALYZER_NUMBER_OBJECT_CONVERSION = YES_AGGRESSIVE;
				CLANG_CXX_LANGUAGE_STANDARD = "gnu++14";
				CLANG_CXX_LIBRARY = "libc++";
				CLANG_ENABLE_MODULES = YES;
				CLANG_ENABLE_OBJC_ARC = YES;
				CLANG_WARN_BLOCK_CAPTURE_AUTORELEASING = YES;
				CLANG_WARN_BOOL_CONVERSION = YES;
				CLANG_WARN_COMMA = YES;
				CLANG_WARN_CONSTANT_CONVERSION = YES;
				CLANG_WARN_DIRECT_OBJC_ISA_USAGE = YES_ERROR;
				CLANG_WARN_DOCUMENTATION_COMMENTS = YES;
				CLANG_WARN_EMPTY_BODY = YES;
				CLANG_WARN_ENUM_CONVERSION = YES;
				CLANG_WARN_INFINITE_RECURSION = YES;
				CLANG_WARN_INT_CONVERSION = YES;
				CLANG_WARN_NON_LITERAL_NULL_CONVERSION = YES;
				CLANG_WARN_OBJC_LITERAL_CONVERSION = YES;
				CLANG_WARN_OBJC_ROOT_CLASS = YES_ERROR;
				CLANG_WARN_RANGE_LOOP_ANALYSIS = YES;
				CLANG_WARN_STRICT_PROTOTYPES = YES;
				CLANG_WARN_SUSPICIOUS_MOVE = YES;
				CLANG_WARN_UNGUARDED_AVAILABILITY = YES_AGGRESSIVE;
				CLANG_WARN_UNREACHABLE_CODE = YES;
				CLANG_WARN__DUPLICATE_METHOD_MATCH = YES;
				CODE_SIGN_IDENTITY = "iPhone Developer";
				COPY_PHASE_STRIP = NO;
				DEBUG_INFORMATION_FORMAT = "dwarf-with-dsym";
				ENABLE_NS_ASSERTIONS = NO;
				ENABLE_STRICT_OBJC_MSGSEND = YES;
				GCC_C_LANGUAGE_STANDARD = gnu11;
				GCC_NO_COMMON_BLOCKS = YES;
				GCC_WARN_64_TO_32_BIT_CONVERSION = YES;
				GCC_WARN_ABOUT_RETURN_TYPE = YES_ERROR;
				GCC_WARN_UNDECLARED_SELECTOR = YES;
				GCC_WARN_UNINITIALIZED_AUTOS = YES_AGGRESSIVE;
				GCC_WARN_UNUSED_FUNCTION = YES;
				GCC_WARN_UNUSED_VARIABLE = YES;
				IPHONEOS_DEPLOYMENT_TARGET = 11.2;
				MTL_ENABLE_DEBUG_INFO = NO;
				SDKROOT = iphoneos;
				SWIFT_OPTIMIZATION_LEVEL = "-Owholemodule";
				VALIDATE_PRODUCT = YES;
			};
			name = Release;
		};
		12863CB8201A383C0027FF7E /* Debug */ = {
			isa = XCBuildConfiguration;
			buildSettings = {
				ASSETCATALOG_COMPILER_APPICON_NAME = AppIcon;
				CODE_SIGN_STYLE = Automatic;
				DEVELOPMENT_TEAM = 68XNCB6KYT;
				FRAMEWORK_SEARCH_PATHS = "$(HOME)/Library/SDKs/ArcGIS/iOS/Frameworks/Static";
				INFOPLIST_FILE = AccessibleMap/Info.plist;
				IPHONEOS_DEPLOYMENT_TARGET = 11.0;
				LD_RUNPATH_SEARCH_PATHS = "$(inherited) @executable_path/Frameworks";
				OTHER_LDFLAGS = (
					"-ObjC",
					"-framework",
					ArcGIS,
					"-l",
					"c++",
				);
				PRODUCT_BUNDLE_IDENTIFIER = com.garima;
				PRODUCT_NAME = "$(TARGET_NAME)";
				SWIFT_VERSION = 4.0;
				TARGETED_DEVICE_FAMILY = "1,2";
			};
			name = Debug;
		};
		12863CB9201A383C0027FF7E /* Release */ = {
			isa = XCBuildConfiguration;
			buildSettings = {
				ASSETCATALOG_COMPILER_APPICON_NAME = AppIcon;
				CODE_SIGN_STYLE = Automatic;
				DEVELOPMENT_TEAM = 68XNCB6KYT;
				FRAMEWORK_SEARCH_PATHS = "$(HOME)/Library/SDKs/ArcGIS/iOS/Frameworks/Static";
				INFOPLIST_FILE = AccessibleMap/Info.plist;
				IPHONEOS_DEPLOYMENT_TARGET = 11.0;
				LD_RUNPATH_SEARCH_PATHS = "$(inherited) @executable_path/Frameworks";
				OTHER_LDFLAGS = (
					"-ObjC",
					"-framework",
					ArcGIS,
					"-l",
					"c++",
				);
				PRODUCT_BUNDLE_IDENTIFIER = com.garima;
				PRODUCT_NAME = "$(TARGET_NAME)";
				SWIFT_VERSION = 4.0;
				TARGETED_DEVICE_FAMILY = "1,2";
			};
			name = Release;
		};
/* End XCBuildConfiguration section */

/* Begin XCConfigurationList section */
		12863CA0201A383C0027FF7E /* Build configuration list for PBXProject "AccessibleMap" */ = {
			isa = XCConfigurationList;
			buildConfigurations = (
				12863CB5201A383C0027FF7E /* Debug */,
				12863CB6201A383C0027FF7E /* Release */,
			);
			defaultConfigurationIsVisible = 0;
			defaultConfigurationName = Release;
		};
		12863CB7201A383C0027FF7E /* Build configuration list for PBXNativeTarget "AccessibleMap" */ = {
			isa = XCConfigurationList;
			buildConfigurations = (
				12863CB8201A383C0027FF7E /* Debug */,
				12863CB9201A383C0027FF7E /* Release */,
			);
			defaultConfigurationIsVisible = 0;
			defaultConfigurationName = Release;
		};
/* End XCConfigurationList section */
	};
	rootObject = 12863C9D201A383C0027FF7E /* Project object */;
}
